
Microsoft Visual Studio Solution File, Format Version 12.00
# Visual Studio 15
VisualStudioVersion = 15.0.27703.2047
MinimumVisualStudioVersion = 10.0.40219.1
Project("{FAE04EC0-301F-11D3-BF4B-00C04F79EFBC}") = "Hanaworks.Gladiolus", "Hanaworks.Gladiolus\Hanaworks.Gladiolus.csproj", "{45A054EF-141F-491B-B07F-6706505C9C5B}"
EndProject
Project("{FAE04EC0-301F-11D3-BF4B-00C04F79EFBC}") = "Test.HiddenRunning", "Test.HiddenRunning\Test.HiddenRunning.csproj", "{2210698A-095F-4BB7-ABA6-45C93467569A}"
EndProject
Project("{FAE04EC0-301F-11D3-BF4B-00C04F79EFBC}") = "Hanaworks.Gladiolus.Tools", "Hanaworks.Gladiolus.Tools\Hanaworks.Gladiolus.Tools.csproj", "{7FB173A2-AE69-427F-8E72-A90ABE8C07D9}"
EndProject
Global
	GlobalSection(SolutionConfigurationPlatforms) = preSolution
		Debug|Any CPU = Debug|Any CPU
		Release|Any CPU = Release|Any CPU
	EndGlobalSection
	GlobalSection(ProjectConfigurationPlatforms) = postSolution
		{45A054EF-141F-491B-B07F-6706505C9C5B}.Debug|Any CPU.ActiveCfg = Debug|Any CPU
		{45A054EF-141F-491B-B07F-6706505C9C5B}.Debug|Any CPU.Build.0 = Debug|Any CPU
		{45A054EF-141F-491B-B07F-6706505C9C5B}.Release|Any CPU.ActiveCfg = Release|Any CPU
		{45A054EF-141F-491B-B07F-6706505C9C5B}.Release|Any CPU.Build.0 = Release|Any CPU
		{2210698A-095F-4BB7-ABA6-45C93467569A}.Debug|Any CPU.ActiveCfg = Debug|Any CPU
		{2210698A-095F-4BB7-ABA6-45C93467569A}.Debug|Any CPU.Build.0 = Debug|Any CPU
		{2210698A-095F-4BB7-ABA6-45C93467569A}.Release|Any CPU.ActiveCfg = Release|Any CPU
		{2210698A-095F-4BB7-ABA6-45C93467569A}.Release|Any CPU.Build.0 = Release|Any CPU
		{7FB173A2-AE69-427F-8E72-A90ABE8C07D9}.Debug|Any CPU.ActiveCfg = Debug|Any CPU
		{7FB173A2-AE69-427F-8E72-A90ABE8C07D9}.Debug|Any CPU.Build.0 = Debug|Any CPU
		{7FB173A2-AE69-427F-8E72-A90ABE8C07D9}.Release|Any CPU.ActiveCfg = Release|Any CPU
		{7FB173A2-AE69-427F-8E72-A90ABE8C07D9}.Release|Any CPU.Build.0 = Release|Any CPU
	EndGlobalSection
	GlobalSection(SolutionProperties) = preSolution
		HideSolutionNode = FALSE
	EndGlobalSection
	GlobalSection(ExtensibilityGlobals) = postSolution
		SolutionGuid = {67445E4E-26F6-4042-8CC5-DBA493CF983D}
	EndGlobalSection
EndGlobal
